
Microsoft Visual Studio Solution File, Format Version 12.00
Project("{FAE04EC0-301F-11D3-BF4B-00C04F79EFBC}") = "GatewayService.API", "GatewayService.API\GatewayService.API.csproj", "{45CCF929-6379-47E7-9F47-5CABA537A4A9}"
EndProject
Project("{2150E333-8FDC-42A3-9474-1A3956D46DE8}") = "src", "src", "{BE09A1F0-01A3-49C1-96AE-513E35C7B2DD}"
EndProject
Project("{2150E333-8FDC-42A3-9474-1A3956D46DE8}") = "NotificationService", "NotificationService", "{CBC81A07-4B8F-4D89-A0F1-86499CD23344}"
EndProject
Project("{2150E333-8FDC-42A3-9474-1A3956D46DE8}") = "UserStatusService", "UserStatusService", "{EBBF0FDC-73AD-4B03-AEF5-CFB3FD30C0B0}"
EndProject
Project("{2150E333-8FDC-42A3-9474-1A3956D46DE8}") = "ChatService", "ChatService", "{76808FF4-3416-4E74-8807-6A56733CD567}"
EndProject
Project("{2150E333-8FDC-42A3-9474-1A3956D46DE8}") = "AuthService", "AuthService", "{47CD75DD-BFBC-4F23-A62F-6C71FF538479}"
EndProject
Project("{FAE04EC0-301F-11D3-BF4B-00C04F79EFBC}") = "AuthService.API", "AuthService.API\AuthService.API.csproj", "{3FFF2B05-4F0A-491F-8B4C-C2197755186C}"
EndProject
Project("{FAE04EC0-301F-11D3-BF4B-00C04F79EFBC}") = "AuthService.API.Model", "AuthService.API.Model\AuthService.API.Model.csproj", "{ED5A3A6C-A316-41AB-91E2-34344CF1D752}"
EndProject
Project("{FAE04EC0-301F-11D3-BF4B-00C04F79EFBC}") = "AuthService.API.BLL", "AuthService.API.BLL\AuthService.API.BLL.csproj", "{A6834FA0-ED42-4E1B-B785-7C465429672A}"
EndProject
Project("{FAE04EC0-301F-11D3-BF4B-00C04F79EFBC}") = "AuthService.API.DAL", "AuthService.API.DAL\AuthService.API.DAL.csproj", "{96DC3862-E68C-4A98-8617-5D513D3D2EF5}"
EndProject
Project("{FAE04EC0-301F-11D3-BF4B-00C04F79EFBC}") = "ChatService.API", "ChatService.API\ChatService.API.csproj", "{004322BA-237E-4936-9594-7773144D44E5}"
EndProject
Project("{FAE04EC0-301F-11D3-BF4B-00C04F79EFBC}") = "ChatService.API.BLL", "ChatService.API.BLL\ChatService.API.BLL.csproj", "{46903B13-01B0-46B3-97CE-EA29EA88FF25}"
EndProject
Project("{FAE04EC0-301F-11D3-BF4B-00C04F79EFBC}") = "ChatService.API.DAL", "ChatService.API.DAL\ChatService.API.DAL.csproj", "{45BEF584-CC19-41A1-A439-6CC34FC0D8D9}"
EndProject
Project("{FAE04EC0-301F-11D3-BF4B-00C04F79EFBC}") = "ChatService.API.Model", "ChatService.API.Model\ChatService.API.Model.csproj", "{665556EC-B60B-4098-840A-4D59AB46C533}"
EndProject
Project("{2150E333-8FDC-42A3-9474-1A3956D46DE8}") = "SharedLibrary", "SharedLibrary", "{E56D81F4-9C76-4902-9F75-8936CF0F9326}"
EndProject
Project("{FAE04EC0-301F-11D3-BF4B-00C04F79EFBC}") = "SharedLibrary", "SharedLibrary\SharedLibrary.csproj", "{1D115DA3-BCA2-4646-9FE0-A66C13B16732}"
EndProject
Project("{FAE04EC0-301F-11D3-BF4B-00C04F79EFBC}") = "UserService.API", "UserService.API\UserService.API.csproj", "{E1E7B8D8-780F-4630-934A-D1B5D4B61452}"
EndProject
Project("{FAE04EC0-301F-11D3-BF4B-00C04F79EFBC}") = "UserService.API.Models", "UserService.API.Models\UserService.API.Models.csproj", "{574426F0-00E9-4635-A5DC-908DE89D58C1}"
EndProject
Project("{FAE04EC0-301F-11D3-BF4B-00C04F79EFBC}") = "UserService.API.BLL", "UserService.API.BLL\UserService.API.BLL.csproj", "{E2C492B8-6051-462E-AF85-2C3051F47102}"
EndProject
Project("{FAE04EC0-301F-11D3-BF4B-00C04F79EFBC}") = "NotificationService.API", "NotificationService.API\NotificationService.API.csproj", "{DA20BF6D-FCD0-4D02-8795-578D1E9632C6}"
EndProject
Project("{FAE04EC0-301F-11D3-BF4B-00C04F79EFBC}") = "NotificationService.API.BLL", "NotificationService.API.BLL\NotificationService.API.BLL.csproj", "{95EB350A-5C81-4CD9-849C-9CC827CBAD48}"
EndProject
Project("{2150E333-8FDC-42A3-9474-1A3956D46DE8}") = "ClientApplication", "ClientApplication", "{EF5127E1-DB06-4FAB-B067-E68C9F612390}"
EndProject
Project("{FAE04EC0-301F-11D3-BF4B-00C04F79EFBC}") = "ApplicationClient", "ApplicationClient\ApplicationClient.csproj", "{453CD479-B683-45A6-BAC3-FA879C462B6A}"
EndProject
Global
	GlobalSection(SolutionConfigurationPlatforms) = preSolution
		Debug|Any CPU = Debug|Any CPU
		Release|Any CPU = Release|Any CPU
	EndGlobalSection
	GlobalSection(ProjectConfigurationPlatforms) = postSolution
		{45CCF929-6379-47E7-9F47-5CABA537A4A9}.Debug|Any CPU.ActiveCfg = Debug|Any CPU
		{45CCF929-6379-47E7-9F47-5CABA537A4A9}.Debug|Any CPU.Build.0 = Debug|Any CPU
		{45CCF929-6379-47E7-9F47-5CABA537A4A9}.Release|Any CPU.ActiveCfg = Release|Any CPU
		{45CCF929-6379-47E7-9F47-5CABA537A4A9}.Release|Any CPU.Build.0 = Release|Any CPU
		{3FFF2B05-4F0A-491F-8B4C-C2197755186C}.Debug|Any CPU.ActiveCfg = Debug|Any CPU
		{3FFF2B05-4F0A-491F-8B4C-C2197755186C}.Debug|Any CPU.Build.0 = Debug|Any CPU
		{3FFF2B05-4F0A-491F-8B4C-C2197755186C}.Release|Any CPU.ActiveCfg = Release|Any CPU
		{3FFF2B05-4F0A-491F-8B4C-C2197755186C}.Release|Any CPU.Build.0 = Release|Any CPU
		{ED5A3A6C-A316-41AB-91E2-34344CF1D752}.Debug|Any CPU.ActiveCfg = Debug|Any CPU
		{ED5A3A6C-A316-41AB-91E2-34344CF1D752}.Debug|Any CPU.Build.0 = Debug|Any CPU
		{ED5A3A6C-A316-41AB-91E2-34344CF1D752}.Release|Any CPU.ActiveCfg = Release|Any CPU
		{ED5A3A6C-A316-41AB-91E2-34344CF1D752}.Release|Any CPU.Build.0 = Release|Any CPU
		{A6834FA0-ED42-4E1B-B785-7C465429672A}.Debug|Any CPU.ActiveCfg = Debug|Any CPU
		{A6834FA0-ED42-4E1B-B785-7C465429672A}.Debug|Any CPU.Build.0 = Debug|Any CPU
		{A6834FA0-ED42-4E1B-B785-7C465429672A}.Release|Any CPU.ActiveCfg = Release|Any CPU
		{A6834FA0-ED42-4E1B-B785-7C465429672A}.Release|Any CPU.Build.0 = Release|Any CPU
		{96DC3862-E68C-4A98-8617-5D513D3D2EF5}.Debug|Any CPU.ActiveCfg = Debug|Any CPU
		{96DC3862-E68C-4A98-8617-5D513D3D2EF5}.Debug|Any CPU.Build.0 = Debug|Any CPU
		{96DC3862-E68C-4A98-8617-5D513D3D2EF5}.Release|Any CPU.ActiveCfg = Release|Any CPU
		{96DC3862-E68C-4A98-8617-5D513D3D2EF5}.Release|Any CPU.Build.0 = Release|Any CPU
		{004322BA-237E-4936-9594-7773144D44E5}.Debug|Any CPU.ActiveCfg = Debug|Any CPU
		{004322BA-237E-4936-9594-7773144D44E5}.Debug|Any CPU.Build.0 = Debug|Any CPU
		{004322BA-237E-4936-9594-7773144D44E5}.Release|Any CPU.ActiveCfg = Release|Any CPU
		{004322BA-237E-4936-9594-7773144D44E5}.Release|Any CPU.Build.0 = Release|Any CPU
		{46903B13-01B0-46B3-97CE-EA29EA88FF25}.Debug|Any CPU.ActiveCfg = Debug|Any CPU
		{46903B13-01B0-46B3-97CE-EA29EA88FF25}.Debug|Any CPU.Build.0 = Debug|Any CPU
		{46903B13-01B0-46B3-97CE-EA29EA88FF25}.Release|Any CPU.ActiveCfg = Release|Any CPU
		{46903B13-01B0-46B3-97CE-EA29EA88FF25}.Release|Any CPU.Build.0 = Release|Any CPU
		{45BEF584-CC19-41A1-A439-6CC34FC0D8D9}.Debug|Any CPU.ActiveCfg = Debug|Any CPU
		{45BEF584-CC19-41A1-A439-6CC34FC0D8D9}.Debug|Any CPU.Build.0 = Debug|Any CPU
		{45BEF584-CC19-41A1-A439-6CC34FC0D8D9}.Release|Any CPU.ActiveCfg = Release|Any CPU
		{45BEF584-CC19-41A1-A439-6CC34FC0D8D9}.Release|Any CPU.Build.0 = Release|Any CPU
		{665556EC-B60B-4098-840A-4D59AB46C533}.Debug|Any CPU.ActiveCfg = Debug|Any CPU
		{665556EC-B60B-4098-840A-4D59AB46C533}.Debug|Any CPU.Build.0 = Debug|Any CPU
		{665556EC-B60B-4098-840A-4D59AB46C533}.Release|Any CPU.ActiveCfg = Release|Any CPU
		{665556EC-B60B-4098-840A-4D59AB46C533}.Release|Any CPU.Build.0 = Release|Any CPU
		{1D115DA3-BCA2-4646-9FE0-A66C13B16732}.Debug|Any CPU.ActiveCfg = Debug|Any CPU
		{1D115DA3-BCA2-4646-9FE0-A66C13B16732}.Debug|Any CPU.Build.0 = Debug|Any CPU
		{1D115DA3-BCA2-4646-9FE0-A66C13B16732}.Release|Any CPU.ActiveCfg = Release|Any CPU
		{1D115DA3-BCA2-4646-9FE0-A66C13B16732}.Release|Any CPU.Build.0 = Release|Any CPU
		{E1E7B8D8-780F-4630-934A-D1B5D4B61452}.Debug|Any CPU.ActiveCfg = Debug|Any CPU
		{E1E7B8D8-780F-4630-934A-D1B5D4B61452}.Debug|Any CPU.Build.0 = Debug|Any CPU
		{E1E7B8D8-780F-4630-934A-D1B5D4B61452}.Release|Any CPU.ActiveCfg = Release|Any CPU
		{E1E7B8D8-780F-4630-934A-D1B5D4B61452}.Release|Any CPU.Build.0 = Release|Any CPU
		{574426F0-00E9-4635-A5DC-908DE89D58C1}.Debug|Any CPU.ActiveCfg = Debug|Any CPU
		{574426F0-00E9-4635-A5DC-908DE89D58C1}.Debug|Any CPU.Build.0 = Debug|Any CPU
		{574426F0-00E9-4635-A5DC-908DE89D58C1}.Release|Any CPU.ActiveCfg = Release|Any CPU
		{574426F0-00E9-4635-A5DC-908DE89D58C1}.Release|Any CPU.Build.0 = Release|Any CPU
		{E2C492B8-6051-462E-AF85-2C3051F47102}.Debug|Any CPU.ActiveCfg = Debug|Any CPU
		{E2C492B8-6051-462E-AF85-2C3051F47102}.Debug|Any CPU.Build.0 = Debug|Any CPU
		{E2C492B8-6051-462E-AF85-2C3051F47102}.Release|Any CPU.ActiveCfg = Release|Any CPU
		{E2C492B8-6051-462E-AF85-2C3051F47102}.Release|Any CPU.Build.0 = Release|Any CPU
		{DA20BF6D-FCD0-4D02-8795-578D1E9632C6}.Debug|Any CPU.ActiveCfg = Debug|Any CPU
		{DA20BF6D-FCD0-4D02-8795-578D1E9632C6}.Debug|Any CPU.Build.0 = Debug|Any CPU
		{DA20BF6D-FCD0-4D02-8795-578D1E9632C6}.Release|Any CPU.ActiveCfg = Release|Any CPU
		{DA20BF6D-FCD0-4D02-8795-578D1E9632C6}.Release|Any CPU.Build.0 = Release|Any CPU
		{95EB350A-5C81-4CD9-849C-9CC827CBAD48}.Debug|Any CPU.ActiveCfg = Debug|Any CPU
		{95EB350A-5C81-4CD9-849C-9CC827CBAD48}.Debug|Any CPU.Build.0 = Debug|Any CPU
		{95EB350A-5C81-4CD9-849C-9CC827CBAD48}.Release|Any CPU.ActiveCfg = Release|Any CPU
		{95EB350A-5C81-4CD9-849C-9CC827CBAD48}.Release|Any CPU.Build.0 = Release|Any CPU
		{453CD479-B683-45A6-BAC3-FA879C462B6A}.Debug|Any CPU.ActiveCfg = Debug|Any CPU
		{453CD479-B683-45A6-BAC3-FA879C462B6A}.Debug|Any CPU.Build.0 = Debug|Any CPU
		{453CD479-B683-45A6-BAC3-FA879C462B6A}.Release|Any CPU.ActiveCfg = Release|Any CPU
		{453CD479-B683-45A6-BAC3-FA879C462B6A}.Release|Any CPU.Build.0 = Release|Any CPU
	EndGlobalSection
	GlobalSection(NestedProjects) = preSolution
		{45CCF929-6379-47E7-9F47-5CABA537A4A9} = {BE09A1F0-01A3-49C1-96AE-513E35C7B2DD}
		{CBC81A07-4B8F-4D89-A0F1-86499CD23344} = {BE09A1F0-01A3-49C1-96AE-513E35C7B2DD}
		{EBBF0FDC-73AD-4B03-AEF5-CFB3FD30C0B0} = {BE09A1F0-01A3-49C1-96AE-513E35C7B2DD}
		{76808FF4-3416-4E74-8807-6A56733CD567} = {BE09A1F0-01A3-49C1-96AE-513E35C7B2DD}
		{47CD75DD-BFBC-4F23-A62F-6C71FF538479} = {BE09A1F0-01A3-49C1-96AE-513E35C7B2DD}
		{3FFF2B05-4F0A-491F-8B4C-C2197755186C} = {47CD75DD-BFBC-4F23-A62F-6C71FF538479}
		{ED5A3A6C-A316-41AB-91E2-34344CF1D752} = {47CD75DD-BFBC-4F23-A62F-6C71FF538479}
		{A6834FA0-ED42-4E1B-B785-7C465429672A} = {47CD75DD-BFBC-4F23-A62F-6C71FF538479}
		{96DC3862-E68C-4A98-8617-5D513D3D2EF5} = {47CD75DD-BFBC-4F23-A62F-6C71FF538479}
		{004322BA-237E-4936-9594-7773144D44E5} = {76808FF4-3416-4E74-8807-6A56733CD567}
		{46903B13-01B0-46B3-97CE-EA29EA88FF25} = {76808FF4-3416-4E74-8807-6A56733CD567}
		{45BEF584-CC19-41A1-A439-6CC34FC0D8D9} = {76808FF4-3416-4E74-8807-6A56733CD567}
		{665556EC-B60B-4098-840A-4D59AB46C533} = {76808FF4-3416-4E74-8807-6A56733CD567}
		{E56D81F4-9C76-4902-9F75-8936CF0F9326} = {BE09A1F0-01A3-49C1-96AE-513E35C7B2DD}
		{1D115DA3-BCA2-4646-9FE0-A66C13B16732} = {E56D81F4-9C76-4902-9F75-8936CF0F9326}
		{E1E7B8D8-780F-4630-934A-D1B5D4B61452} = {EBBF0FDC-73AD-4B03-AEF5-CFB3FD30C0B0}
		{574426F0-00E9-4635-A5DC-908DE89D58C1} = {EBBF0FDC-73AD-4B03-AEF5-CFB3FD30C0B0}
		{E2C492B8-6051-462E-AF85-2C3051F47102} = {EBBF0FDC-73AD-4B03-AEF5-CFB3FD30C0B0}
		{DA20BF6D-FCD0-4D02-8795-578D1E9632C6} = {CBC81A07-4B8F-4D89-A0F1-86499CD23344}
		{95EB350A-5C81-4CD9-849C-9CC827CBAD48} = {CBC81A07-4B8F-4D89-A0F1-86499CD23344}
		{453CD479-B683-45A6-BAC3-FA879C462B6A} = {EF5127E1-DB06-4FAB-B067-E68C9F612390}
	EndGlobalSection
EndGlobal
